
Microsoft Visual Studio Solution File, Format Version 12.00
# Visual Studio Version 17
VisualStudioVersion = 17.7.34221.43
MinimumVisualStudioVersion = 10.0.40219.1
Project("{9A19103F-16F7-4668-BE54-9A1E7A4F7556}") = "RabbitMQClient.Console", "RabbitMQClient.Console\RabbitMQClient.Console.csproj", "{DE9D1C94-8FF3-40E9-8F5D-11966C2FDF48}"
EndProject
Project("{2150E333-8FDC-42A3-9474-1A3956D46DE8}") = "01- RabbitMQ.Client", "01- RabbitMQ.Client", "{AAEF5FFA-5D7E-4AFA-863C-28EA0FD4FD71}"
EndProject
Project("{2150E333-8FDC-42A3-9474-1A3956D46DE8}") = "02- EasyNetQ", "02- EasyNetQ", "{68C02BF8-C179-463E-9564-72963C770AF0}"
EndProject
Global
	GlobalSection(SolutionConfigurationPlatforms) = preSolution
		Debug|Any CPU = Debug|Any CPU
		Release|Any CPU = Release|Any CPU
	EndGlobalSection
	GlobalSection(ProjectConfigurationPlatforms) = postSolution
		{DE9D1C94-8FF3-40E9-8F5D-11966C2FDF48}.Debug|Any CPU.ActiveCfg = Debug|Any CPU
		{DE9D1C94-8FF3-40E9-8F5D-11966C2FDF48}.Debug|Any CPU.Build.0 = Debug|Any CPU
		{DE9D1C94-8FF3-40E9-8F5D-11966C2FDF48}.Release|Any CPU.ActiveCfg = Release|Any CPU
		{DE9D1C94-8FF3-40E9-8F5D-11966C2FDF48}.Release|Any CPU.Build.0 = Release|Any CPU
	EndGlobalSection
	GlobalSection(SolutionProperties) = preSolution
		HideSolutionNode = FALSE
	EndGlobalSection
	GlobalSection(NestedProjects) = preSolution
		{DE9D1C94-8FF3-40E9-8F5D-11966C2FDF48} = {AAEF5FFA-5D7E-4AFA-863C-28EA0FD4FD71}
	EndGlobalSection
	GlobalSection(ExtensibilityGlobals) = postSolution
		SolutionGuid = {8D18C441-F167-4447-8CE9-6C0C7DC83F3F}
	EndGlobalSection
EndGlobal
